Microsoft Visual Studio Solution File, Format Version 11.00
# Visual Studio 2008

Project("{83FC7431-4565-4641-5565-534DB4C14CA4}") = "Script Test", "Assembly-CSharp.csproj", "{1B7EC4FD-0D39-F97D-D96A-E0709BD048B1}"
EndProject
Global
	GlobalSection(SolutionConfigurationPlatforms) = preSolution
		Debug|Any CPU = Debug|Any CPU
		Release|Any CPU = Release|Any CPU
	EndGlobalSection
	GlobalSection(ProjectConfigurationPlatforms) = postSolution
		{1B7EC4FD-0D39-F97D-D96A-E0709BD048B1}.Debug|Any CPU.ActiveCfg = Debug|Any CPU
		{1B7EC4FD-0D39-F97D-D96A-E0709BD048B1}.Debug|Any CPU.Build.0 = Debug|Any CPU
		{1B7EC4FD-0D39-F97D-D96A-E0709BD048B1}.Release|Any CPU.ActiveCfg = Release|Any CPU
		{1B7EC4FD-0D39-F97D-D96A-E0709BD048B1}.Release|Any CPU.Build.0 = Release|Any CPU
	EndGlobalSection
	GlobalSection(SolutionProperties) = preSolution
		HideSolutionNode = FALSE
	EndGlobalSection
	GlobalSection(MonoDevelopProperties) = preSolution
		StartupItem = Assembly-CSharp.csproj
	EndGlobalSection
EndGlobal
